
Microsoft Visual Studio Solution File, Format Version 12.00
# Visual Studio Version 16
VisualStudioVersion = 16.0.30001.183
MinimumVisualStudioVersion = 10.0.40219.1
Project("{9A19103F-16F7-4668-BE54-9A1E7A4F7556}") = "BlazorApp1.Server", "BlazorApp1\Server\BlazorApp1.Server.csproj", "{1DB8D377-D327-4A4C-96B6-DF7262A09281}"
EndProject
Project("{9A19103F-16F7-4668-BE54-9A1E7A4F7556}") = "BlazorApp1.Client", "BlazorApp1\Client\BlazorApp1.Client.csproj", "{ADD9696A-6E39-4EB1-924C-E803B39B3DE9}"
EndProject
Project("{9A19103F-16F7-4668-BE54-9A1E7A4F7556}") = "BlazorApp1.Shared", "BlazorApp1\Shared\BlazorApp1.Shared.csproj", "{DDA1F997-7361-4E19-870D-4744C2FBF9C2}"
EndProject
Global
	GlobalSection(SolutionConfigurationPlatforms) = preSolution
		Debug|Any CPU = Debug|Any CPU
		Release|Any CPU = Release|Any CPU
	EndGlobalSection
	GlobalSection(ProjectConfigurationPlatforms) = postSolution
		{1DB8D377-D327-4A4C-96B6-DF7262A09281}.Debug|Any CPU.ActiveCfg = Debug|Any CPU
		{1DB8D377-D327-4A4C-96B6-DF7262A09281}.Debug|Any CPU.Build.0 = Debug|Any CPU
		{1DB8D377-D327-4A4C-96B6-DF7262A09281}.Release|Any CPU.ActiveCfg = Release|Any CPU
		{1DB8D377-D327-4A4C-96B6-DF7262A09281}.Release|Any CPU.Build.0 = Release|Any CPU
		{ADD9696A-6E39-4EB1-924C-E803B39B3DE9}.Debug|Any CPU.ActiveCfg = Debug|Any CPU
		{ADD9696A-6E39-4EB1-924C-E803B39B3DE9}.Debug|Any CPU.Build.0 = Debug|Any CPU
		{ADD9696A-6E39-4EB1-924C-E803B39B3DE9}.Release|Any CPU.ActiveCfg = Release|Any CPU
		{ADD9696A-6E39-4EB1-924C-E803B39B3DE9}.Release|Any CPU.Build.0 = Release|Any CPU
		{DDA1F997-7361-4E19-870D-4744C2FBF9C2}.Debug|Any CPU.ActiveCfg = Debug|Any CPU
		{DDA1F997-7361-4E19-870D-4744C2FBF9C2}.Debug|Any CPU.Build.0 = Debug|Any CPU
		{DDA1F997-7361-4E19-870D-4744C2FBF9C2}.Release|Any CPU.ActiveCfg = Release|Any CPU
		{DDA1F997-7361-4E19-870D-4744C2FBF9C2}.Release|Any CPU.Build.0 = Release|Any CPU
	EndGlobalSection
	GlobalSection(SolutionProperties) = preSolution
		HideSolutionNode = FALSE
	EndGlobalSection
	GlobalSection(ExtensibilityGlobals) = postSolution
		SolutionGuid = {1EA951DE-3D17-4DA8-BC95-B352170269D2}
	EndGlobalSection
EndGlobal
